
Microsoft Visual Studio Solution File, Format Version 12.00
# Visual Studio 15
VisualStudioVersion = 15.0.28010.2050
MinimumVisualStudioVersion = 10.0.40219.1
Project("{159641D6-6404-4A2A-AE62-294DE0FE8301}") = "LOADING DIMENSION1", "LOADING DIMENSION1\LOADING DIMENSION1.dtproj", "{91BD9AA7-A7E1-4A39-BF2B-B893B0B6DE74}"
EndProject
Global
	GlobalSection(SolutionConfigurationPlatforms) = preSolution
		Development|Default = Development|Default
	EndGlobalSection
	GlobalSection(ProjectConfigurationPlatforms) = postSolution
		{91BD9AA7-A7E1-4A39-BF2B-B893B0B6DE74}.Development|Default.ActiveCfg = Development
		{91BD9AA7-A7E1-4A39-BF2B-B893B0B6DE74}.Development|Default.Build.0 = Development
	EndGlobalSection
	GlobalSection(SolutionProperties) = preSolution
		HideSolutionNode = FALSE
	EndGlobalSection
	GlobalSection(ExtensibilityGlobals) = postSolution
		SolutionGuid = {FC41A0BC-5542-4416-A177-1D8493FD0F0C}
	EndGlobalSection
EndGlobal
